PODS:
  - OpenSourceController (0.1.0)

DEPENDENCIES:
  - OpenSourceController (from `../`)

EXTERNAL SOURCES:
  OpenSourceController:
    :path: "../"

SPEC CHECKSUMS:
  OpenSourceController: acf2803ef9b2d9ee28ed4dda818a2c35dfe3847a

PODFILE CHECKSUM: eaac391c14a4bc6abd88a2de67669838088fb88d

COCOAPODS: 1.2.0
