// !$*UTF8*$!
{
	archiveVersion = 1;
	classes = {
	};
	objectVersion = 46;
	objects = {

/* Begin PBXBuildFile section */
		76229B602180AB5000A61697 /* OpenSourceControllerConfig.swift in Sources */ = {isa = PBXBuildFile; fileRef = 76229B5E2180AB5000A61697 /* OpenSourceControllerConfig.swift */; };
		76229B612180AB5000A61697 /* OpenSourceController.swift in Sources */ = {isa = PBXBuildFile; fileRef = 76229B5F2180AB5000A61697 /* OpenSourceController.swift */; };
		76229B832180AFAD00A61697 /* HTTPDataLoader.swift in Sources */ = {isa = PBXBuildFile; fileRef = 76229B822180AFAD00A61697 /* HTTPDataLoader.swift */; };
		7627B06221807C4B0057FFBB /* README.md in Resources */ = {isa = PBXBuildFile; fileRef = 7627B06121807C4B0057FFBB /* README.md */; };
		769FD9C921871D0400FB5A53 /* OpenSourceViewController.swift in Sources */ = {isa = PBXBuildFile; fileRef = 769FD9C521871D0400FB5A53 /* OpenSourceViewController.swift */; };
		769FD9CA21871D0400FB5A53 /* LicenceListViewController.swift in Sources */ = {isa = PBXBuildFile; fileRef = 769FD9C621871D0400FB5A53 /* LicenceListViewController.swift */; };
		769FD9CB21871D0400FB5A53 /* LoadingViewController.swift in Sources */ = {isa = PBXBuildFile; fileRef = 769FD9C721871D0400FB5A53 /* LoadingViewController.swift */; };
		769FD9CC21871D0400FB5A53 /* OpenSourceTableViewCell.swift in Sources */ = {isa = PBXBuildFile; fileRef = 769FD9C821871D0400FB5A53 /* OpenSourceTableViewCell.swift */; };
		76EAA8651E93F2CC009A41DA /* AppDelegate.swift in Sources */ = {isa = PBXBuildFile; fileRef = 76EAA8641E93F2CC009A41DA /* AppDelegate.swift */; };
		76EAA8671E93F2CC009A41DA /* ViewController.swift in Sources */ = {isa = PBXBuildFile; fileRef = 76EAA8661E93F2CC009A41DA /* ViewController.swift */; };
		76EAA86A1E93F2CC009A41DA /* Main.storyboard in Resources */ = {isa = PBXBuildFile; fileRef = 76EAA8681E93F2CC009A41DA /* Main.storyboard */; };
		76EAA86C1E93F2CC009A41DA /* Assets.xcassets in Resources */ = {isa = PBXBuildFile; fileRef = 76EAA86B1E93F2CC009A41DA /* Assets.xcassets */; };
		76EAA86F1E93F2CC009A41DA /* LaunchScreen.storyboard in Resources */ = {isa = PBXBuildFile; fileRef = 76EAA86D1E93F2CC009A41DA /* LaunchScreen.storyboard */; };
		76EAA88D1E93F675009A41DA /* LicenceLoader.swift in Sources */ = {isa = PBXBuildFile; fileRef = 76EAA88A1E93F675009A41DA /* LicenceLoader.swift */; };
		76EAA88E1E93F675009A41DA /* LicenceFile.swift in Sources */ = {isa = PBXBuildFile; fileRef = 76EAA88B1E93F675009A41DA /* LicenceFile.swift */; };
		76EAA8911E93F67B009A41DA /* Array+Extensions.swift in Sources */ = {isa = PBXBuildFile; fileRef = 76EAA8901E93F67B009A41DA /* Array+Extensions.swift */; };
		76FED173217F6CEF0037BD09 /* UIViewController+Extensions.swift in Sources */ = {isa = PBXBuildFile; fileRef = 76FED172217F6CEF0037BD09 /* UIViewController+Extensions.swift */; };
		76FED175217F6D400037BD09 /* UIView+Extensions.swift in Sources */ = {isa = PBXBuildFile; fileRef = 76FED174217F6D400037BD09 /* UIView+Extensions.swift */; };
		C33E4D96204442AC00142EE6 /* CHANGELOG.md in Resources */ = {isa = PBXBuildFile; fileRef = C33E4D95204442AC00142EE6 /* CHANGELOG.md */; };
/* End PBXBuildFile section */

/* Begin PBXFileReference section */
		76229B5E2180AB5000A61697 /* OpenSourceControllerConfig.swift */ = {isa = PBXFileReference; fileEncoding = 4; lastKnownFileType = sourcecode.swift; name = OpenSourceControllerConfig.swift; path = ../../Sources/OpenSourceControllerConfig.swift; sourceTree = "<group>"; };
		76229B5F2180AB5000A61697 /* OpenSourceController.swift */ = {isa = PBXFileReference; fileEncoding = 4; lastKnownFileType = sourcecode.swift; name = OpenSourceController.swift; path = ../../Sources/OpenSourceController.swift; sourceTree = "<group>"; };
		76229B822180AFAD00A61697 /* HTTPDataLoader.swift */ = {isa = PBXFileReference; fileEncoding = 4; lastKnownFileType = sourcecode.swift; name = HTTPDataLoader.swift; path = ../../Sources/Loader/HTTPDataLoader.swift; sourceTree = "<group>"; };
		7627B06121807C4B0057FFBB /* README.md */ = {isa = PBXFileReference; fileEncoding = 4; lastKnownFileType = net.daringfireball.markdown; name = README.md; path = ../README.md; sourceTree = "<group>"; };
		769FD9C521871D0400FB5A53 /* OpenSourceViewController.swift */ = {isa = PBXFileReference; fileEncoding = 4; lastKnownFileType = sourcecode.swift; name = OpenSourceViewController.swift; path = ../../Sources/Controller/OpenSourceViewController.swift; sourceTree = "<group>"; };
		769FD9C621871D0400FB5A53 /* LicenceListViewController.swift */ = {isa = PBXFileReference; fileEncoding = 4; lastKnownFileType = sourcecode.swift; name = LicenceListViewController.swift; path = ../../Sources/Controller/LicenceListViewController.swift; sourceTree = "<group>"; };
		769FD9C721871D0400FB5A53 /* LoadingViewController.swift */ = {isa = PBXFileReference; fileEncoding = 4; lastKnownFileType = sourcecode.swift; name = LoadingViewController.swift; path = ../../Sources/Controller/LoadingViewController.swift; sourceTree = "<group>"; };
		769FD9C821871D0400FB5A53 /* OpenSourceTableViewCell.swift */ = {isa = PBXFileReference; fileEncoding = 4; lastKnownFileType = sourcecode.swift; name = OpenSourceTableViewCell.swift; path = ../../Sources/Controller/OpenSourceTableViewCell.swift; sourceTree = "<group>"; };
		76EAA8611E93F2CC009A41DA /* OpenSourceControllerDemo.app */ = {isa = PBXFileReference; explicitFileType = wrapper.application; includeInIndex = 0; path = OpenSourceControllerDemo.app; sourceTree = BUILT_PRODUCTS_DIR; };
		76EAA8641E93F2CC009A41DA /* AppDelegate.swift */ = {isa = PBXFileReference; lastKnownFileType = sourcecode.swift; path = AppDelegate.swift; sourceTree = "<group>"; };
		76EAA8661E93F2CC009A41DA /* ViewController.swift */ = {isa = PBXFileReference; lastKnownFileType = sourcecode.swift; path = ViewController.swift; sourceTree = "<group>"; };
		76EAA8691E93F2CC009A41DA /* Base */ = {isa = PBXFileReference; lastKnownFileType = file.storyboard; name = Base; path = Base.lproj/Main.storyboard; sourceTree = "<group>"; };
		76EAA86B1E93F2CC009A41DA /* Assets.xcassets */ = {isa = PBXFileReference; lastKnownFileType = folder.assetcatalog; path = Assets.xcassets; sourceTree = "<group>"; };
		76EAA86E1E93F2CC009A41DA /* Base */ = {isa = PBXFileReference; lastKnownFileType = file.storyboard; name = Base; path = Base.lproj/LaunchScreen.storyboard; sourceTree = "<group>"; };
		76EAA8701E93F2CC009A41DA /* Info.plist */ = {isa = PBXFileReference; lastKnownFileType = text.plist.xml; path = Info.plist; sourceTree = "<group>"; };
		76EAA88A1E93F675009A41DA /* LicenceLoader.swift */ = {isa = PBXFileReference; fileEncoding = 4; lastKnownFileType = sourcecode.swift; name = LicenceLoader.swift; path = ../../Sources/Model/LicenceLoader.swift; sourceTree = "<group>"; };
		76EAA88B1E93F675009A41DA /* LicenceFile.swift */ = {isa = PBXFileReference; fileEncoding = 4; lastKnownFileType = sourcecode.swift; name = LicenceFile.swift; path = ../../Sources/Model/LicenceFile.swift; sourceTree = "<group>"; };
		76EAA8901E93F67B009A41DA /* Array+Extensions.swift */ = {isa = PBXFileReference; fileEncoding = 4; lastKnownFileType = sourcecode.swift; name = "Array+Extensions.swift"; path = "../../Sources/Extensions/Array+Extensions.swift"; sourceTree = "<group>"; };
		76FED172217F6CEF0037BD09 /* UIViewController+Extensions.swift */ = {isa = PBXFileReference; fileEncoding = 4; lastKnownFileType = sourcecode.swift; name = "UIViewController+Extensions.swift"; path = "../../Sources/Extensions/UIViewController+Extensions.swift"; sourceTree = "<group>"; };
		76FED174217F6D400037BD09 /* UIView+Extensions.swift */ = {isa = PBXFileReference; lastKnownFileType = sourcecode.swift; name = "UIView+Extensions.swift"; path = "../../Sources/Extensions/UIView+Extensions.swift"; sourceTree = "<group>"; };
		C33E4D95204442AC00142EE6 /* CHANGELOG.md */ = {isa = PBXFileReference; fileEncoding = 4; lastKnownFileType = net.daringfireball.markdown; name = CHANGELOG.md; path = ../CHANGELOG.md; sourceTree = "<group>"; };
/* End PBXFileReference section */

/* Begin PBXFrameworksBuildPhase section */
		76EAA85E1E93F2CC009A41DA /* Frameworks */ = {
			isa = PBXFrameworksBuildPhase;
			buildActionMask = 2147483647;
			files = (
			);
			runOnlyForDeploymentPostprocessing = 0;
		};
/* End PBXFrameworksBuildPhase section */

/* Begin PBXGroup section */
		76229B5D2180AA8E00A61697 /* Loader */ = {
			isa = PBXGroup;
			children = (
				76229B822180AFAD00A61697 /* HTTPDataLoader.swift */,
			);
			name = Loader;
			sourceTree = "<group>";
		};
		76EAA8581E93F2CC009A41DA = {
			isa = PBXGroup;
			children = (
				C33E4D95204442AC00142EE6 /* CHANGELOG.md */,
				7627B06121807C4B0057FFBB /* README.md */,
				76EAA8631E93F2CC009A41DA /* OpenSourceControllerDemo */,
				76EAA8621E93F2CC009A41DA /* Products */,
			);
			sourceTree = "<group>";
		};
		76EAA8621E93F2CC009A41DA /* Products */ = {
			isa = PBXGroup;
			children = (
				76EAA8611E93F2CC009A41DA /* OpenSourceControllerDemo.app */,
			);
			name = Products;
			sourceTree = "<group>";
		};
		76EAA8631E93F2CC009A41DA /* OpenSourceControllerDemo */ = {
			isa = PBXGroup;
			children = (
				76EAA8641E93F2CC009A41DA /* AppDelegate.swift */,
				76EAA8661E93F2CC009A41DA /* ViewController.swift */,
				76EAA8681E93F2CC009A41DA /* Main.storyboard */,
				76EAA86D1E93F2CC009A41DA /* LaunchScreen.storyboard */,
				76EAA86B1E93F2CC009A41DA /* Assets.xcassets */,
				76EAA8701E93F2CC009A41DA /* Info.plist */,
				76EAA8891E93F66A009A41DA /* Sources */,
			);
			path = OpenSourceControllerDemo;
			sourceTree = "<group>";
		};
		76EAA8891E93F66A009A41DA /* Sources */ = {
			isa = PBXGroup;
			children = (
				76229B5F2180AB5000A61697 /* OpenSourceController.swift */,
				76229B5E2180AB5000A61697 /* OpenSourceControllerConfig.swift */,
				76FED17B217F6E2E0037BD09 /* Controller */,
				76FED17A217F6E0F0037BD09 /* Extensions */,
				76229B5D2180AA8E00A61697 /* Loader */,
				76FED17C217F6E4A0037BD09 /* Model */,
			);
			name = Sources;
			sourceTree = "<group>";
		};
		76FED17A217F6E0F0037BD09 /* Extensions */ = {
			isa = PBXGroup;
			children = (
				76FED172217F6CEF0037BD09 /* UIViewController+Extensions.swift */,
				76EAA8901E93F67B009A41DA /* Array+Extensions.swift */,
				76FED174217F6D400037BD09 /* UIView+Extensions.swift */,
			);
			name = Extensions;
			sourceTree = "<group>";
		};
		76FED17B217F6E2E0037BD09 /* Controller */ = {
			isa = PBXGroup;
			children = (
				769FD9C621871D0400FB5A53 /* LicenceListViewController.swift */,
				769FD9C721871D0400FB5A53 /* LoadingViewController.swift */,
				769FD9C821871D0400FB5A53 /* OpenSourceTableViewCell.swift */,
				769FD9C521871D0400FB5A53 /* OpenSourceViewController.swift */,
			);
			name = Controller;
			sourceTree = "<group>";
		};
		76FED17C217F6E4A0037BD09 /* Model */ = {
			isa = PBXGroup;
			children = (
				76EAA88A1E93F675009A41DA /* LicenceLoader.swift */,
				76EAA88B1E93F675009A41DA /* LicenceFile.swift */,
			);
			name = Model;
			sourceTree = "<group>";
		};
/* End PBXGroup section */

/* Begin PBXNativeTarget section */
		76EAA8601E93F2CC009A41DA /* OpenSourceControllerDemo */ = {
			isa = PBXNativeTarget;
			buildConfigurationList = 76EAA87E1E93F2CC009A41DA /* Build configuration list for PBXNativeTarget "OpenSourceControllerDemo" */;
			buildPhases = (
				76EAA85D1E93F2CC009A41DA /* Sources */,
				76EAA85E1E93F2CC009A41DA /* Frameworks */,
				76EAA85F1E93F2CC009A41DA /* Resources */,
			);
			buildRules = (
			);
			dependencies = (
			);
			name = OpenSourceControllerDemo;
			productName = OpenSourceControllerDemo;
			productReference = 76EAA8611E93F2CC009A41DA /* OpenSourceControllerDemo.app */;
			productType = "com.apple.product-type.application";
		};
/* End PBXNativeTarget section */

/* Begin PBXProject section */
		76EAA8591E93F2CC009A41DA /* Project object */ = {
			isa = PBXProject;
			attributes = {
				LastSwiftUpdateCheck = 0830;
				LastUpgradeCheck = 1000;
				ORGANIZATIONNAME = OpenSourceController;
				TargetAttributes = {
					76EAA8601E93F2CC009A41DA = {
						CreatedOnToolsVersion = 8.3;
						DevelopmentTeam = 62PP362QNQ;
						LastSwiftMigration = 1000;
						ProvisioningStyle = Automatic;
					};
				};
			};
			buildConfigurationList = 76EAA85C1E93F2CC009A41DA /* Build configuration list for PBXProject "OpenSourceControllerDemo" */;
			compatibilityVersion = "Xcode 3.2";
			developmentRegion = English;
			hasScannedForEncodings = 0;
			knownRegions = (
				en,
				Base,
			);
			mainGroup = 76EAA8581E93F2CC009A41DA;
			productRefGroup = 76EAA8621E93F2CC009A41DA /* Products */;
			projectDirPath = "";
			projectRoot = "";
			targets = (
				76EAA8601E93F2CC009A41DA /* OpenSourceControllerDemo */,
			);
		};
/* End PBXProject section */

/* Begin PBXResourcesBuildPhase section */
		76EAA85F1E93F2CC009A41DA /* Resources */ = {
			isa = PBXResourcesBuildPhase;
			buildActionMask = 2147483647;
			files = (
				76EAA86F1E93F2CC009A41DA /* LaunchScreen.storyboard in Resources */,
				76EAA86C1E93F2CC009A41DA /* Assets.xcassets in Resources */,
				7627B06221807C4B0057FFBB /* README.md in Resources */,
				76EAA86A1E93F2CC009A41DA /* Main.storyboard in Resources */,
				C33E4D96204442AC00142EE6 /* CHANGELOG.md in Resources */,
			);
			runOnlyForDeploymentPostprocessing = 0;
		};
/* End PBXResourcesBuildPhase section */

/* Begin PBXSourcesBuildPhase section */
		76EAA85D1E93F2CC009A41DA /* Sources */ = {
			isa = PBXSourcesBuildPhase;
			buildActionMask = 2147483647;
			files = (
				76229B612180AB5000A61697 /* OpenSourceController.swift in Sources */,
				76EAA88D1E93F675009A41DA /* LicenceLoader.swift in Sources */,
				76EAA88E1E93F675009A41DA /* LicenceFile.swift in Sources */,
				76229B832180AFAD00A61697 /* HTTPDataLoader.swift in Sources */,
				769FD9CC21871D0400FB5A53 /* OpenSourceTableViewCell.swift in Sources */,
				76FED173217F6CEF0037BD09 /* UIViewController+Extensions.swift in Sources */,
				76EAA8911E93F67B009A41DA /* Array+Extensions.swift in Sources */,
				769FD9C921871D0400FB5A53 /* OpenSourceViewController.swift in Sources */,
				76EAA8671E93F2CC009A41DA /* ViewController.swift in Sources */,
				769FD9CA21871D0400FB5A53 /* LicenceListViewController.swift in Sources */,
				76FED175217F6D400037BD09 /* UIView+Extensions.swift in Sources */,
				76EAA8651E93F2CC009A41DA /* AppDelegate.swift in Sources */,
				769FD9CB21871D0400FB5A53 /* LoadingViewController.swift in Sources */,
				76229B602180AB5000A61697 /* OpenSourceControllerConfig.swift in Sources */,
			);
			runOnlyForDeploymentPostprocessing = 0;
		};
/* End PBXSourcesBuildPhase section */

/* Begin PBXVariantGroup section */
		76EAA8681E93F2CC009A41DA /* Main.storyboard */ = {
			isa = PBXVariantGroup;
			children = (
				76EAA8691E93F2CC009A41DA /* Base */,
			);
			name = Main.storyboard;
			sourceTree = "<group>";
		};
		76EAA86D1E93F2CC009A41DA /* LaunchScreen.storyboard */ = {
			isa = PBXVariantGroup;
			children = (
				76EAA86E1E93F2CC009A41DA /* Base */,
			);
			name = LaunchScreen.storyboard;
			sourceTree = "<group>";
		};
/* End PBXVariantGroup section */

/* Begin XCBuildConfiguration section */
		76EAA87C1E93F2CC009A41DA /* Debug */ = {
			isa = XCBuildConfiguration;
			buildSettings = {
				ALWAYS_SEARCH_USER_PATHS = NO;
				CLANG_ANALYZER_NONNULL = YES;
				CLANG_ANALYZER_NUMBER_OBJECT_CONVERSION = YES_AGGRESSIVE;
				CLANG_CXX_LANGUAGE_STANDARD = "gnu++0x";
				CLANG_CXX_LIBRARY = "libc++";
				CLANG_ENABLE_MODULES = YES;
				CLANG_ENABLE_OBJC_ARC = YES;
				CLANG_WARN_BLOCK_CAPTURE_AUTORELEASING = YES;
				CLANG_WARN_BOOL_CONVERSION = YES;
				CLANG_WARN_COMMA = YES;
				CLANG_WARN_CONSTANT_CONVERSION = YES;
				CLANG_WARN_DEPRECATED_OBJC_IMPLEMENTATIONS = YES;
				CLANG_WARN_DIRECT_OBJC_ISA_USAGE = YES_ERROR;
				CLANG_WARN_DOCUMENTATION_COMMENTS = YES;
				CLANG_WARN_EMPTY_BODY = YES;
				CLANG_WARN_ENUM_CONVERSION = YES;
				CLANG_WARN_INFINITE_RECURSION = YES;
				CLANG_WARN_INT_CONVERSION = YES;
				CLANG_WARN_NON_LITERAL_NULL_CONVERSION = YES;
				CLANG_WARN_OBJC_IMPLICIT_RETAIN_SELF = YES;
				CLANG_WARN_OBJC_LITERAL_CONVERSION = YES;
				CLANG_WARN_OBJC_ROOT_CLASS = YES_ERROR;
				CLANG_WARN_RANGE_LOOP_ANALYSIS = YES;
				CLANG_WARN_STRICT_PROTOTYPES = YES;
				CLANG_WARN_SUSPICIOUS_MOVE = YES;
				CLANG_WARN_UNREACHABLE_CODE = YES;
				CLANG_WARN__DUPLICATE_METHOD_MATCH = YES;
				"CODE_SIGN_IDENTITY[sdk=iphoneos*]" = "iPhone Developer";
				COPY_PHASE_STRIP = NO;
				DEBUG_INFORMATION_FORMAT = dwarf;
				ENABLE_STRICT_OBJC_MSGSEND = YES;
				ENABLE_TESTABILITY = YES;
				GCC_C_LANGUAGE_STANDARD = gnu99;
				GCC_DYNAMIC_NO_PIC = NO;
				GCC_NO_COMMON_BLOCKS = YES;
				GCC_OPTIMIZATION_LEVEL = 0;
				GCC_PREPROCESSOR_DEFINITIONS = (
					"DEBUG=1",
					"$(inherited)",
				);
				GCC_WARN_64_TO_32_BIT_CONVERSION = YES;
				GCC_WARN_ABOUT_RETURN_TYPE = YES_ERROR;
				GCC_WARN_UNDECLARED_SELECTOR = YES;
				GCC_WARN_UNINITIALIZED_AUTOS = YES_AGGRESSIVE;
				GCC_WARN_UNUSED_FUNCTION = YES;
				GCC_WARN_UNUSED_VARIABLE = YES;
				IPHONEOS_DEPLOYMENT_TARGET = 10.3;
				MTL_ENABLE_DEBUG_INFO = YES;
				ONLY_ACTIVE_ARCH = YES;
				SDKROOT = iphoneos;
				SWIFT_ACTIVE_COMPILATION_CONDITIONS = DEBUG;
				SWIFT_OPTIMIZATION_LEVEL = "-Onone";
				SWIFT_SWIFT3_OBJC_INFERENCE = Default;
				TARGETED_DEVICE_FAMILY = "1,2";
			};
			name = Debug;
		};
		76EAA87D1E93F2CC009A41DA /* Release */ = {
			isa = XCBuildConfiguration;
			buildSettings = {
				ALWAYS_SEARCH_USER_PATHS = NO;
				CLANG_ANALYZER_NONNULL = YES;
				CLANG_ANALYZER_NUMBER_OBJECT_CONVERSION = YES_AGGRESSIVE;
				CLANG_CXX_LANGUAGE_STANDARD = "gnu++0x";
				CLANG_CXX_LIBRARY = "libc++";
				CLANG_ENABLE_MODULES = YES;
				CLANG_ENABLE_OBJC_ARC = YES;
				CLANG_WARN_BLOCK_CAPTURE_AUTORELEASING = YES;
				CLANG_WARN_BOOL_CONVERSION = YES;
				CLANG_WARN_COMMA = YES;
				CLANG_WARN_CONSTANT_CONVERSION = YES;
				CLANG_WARN_DEPRECATED_OBJC_IMPLEMENTATIONS = YES;
				CLANG_WARN_DIRECT_OBJC_ISA_USAGE = YES_ERROR;
				CLANG_WARN_DOCUMENTATION_COMMENTS = YES;
				CLANG_WARN_EMPTY_BODY = YES;
				CLANG_WARN_ENUM_CONVERSION = YES;
				CLANG_WARN_INFINITE_RECURSION = YES;
				CLANG_WARN_INT_CONVERSION = YES;
				CLANG_WARN_NON_LITERAL_NULL_CONVERSION = YES;
				CLANG_WARN_OBJC_IMPLICIT_RETAIN_SELF = YES;
				CLANG_WARN_OBJC_LITERAL_CONVERSION = YES;
				CLANG_WARN_OBJC_ROOT_CLASS = YES_ERROR;
				CLANG_WARN_RANGE_LOOP_ANALYSIS = YES;
				CLANG_WARN_STRICT_PROTOTYPES = YES;
				CLANG_WARN_SUSPICIOUS_MOVE = YES;
				CLANG_WARN_UNREACHABLE_CODE = YES;
				CLANG_WARN__DUPLICATE_METHOD_MATCH = YES;
				"CODE_SIGN_IDENTITY[sdk=iphoneos*]" = "iPhone Developer";
				COPY_PHASE_STRIP = NO;
				DEBUG_INFORMATION_FORMAT = "dwarf-with-dsym";
				ENABLE_NS_ASSERTIONS = NO;
				ENABLE_STRICT_OBJC_MSGSEND = YES;
				GCC_C_LANGUAGE_STANDARD = gnu99;
				GCC_NO_COMMON_BLOCKS = YES;
				GCC_WARN_64_TO_32_BIT_CONVERSION = YES;
				GCC_WARN_ABOUT_RETURN_TYPE = YES_ERROR;
				GCC_WARN_UNDECLARED_SELECTOR = YES;
				GCC_WARN_UNINITIALIZED_AUTOS = YES_AGGRESSIVE;
				GCC_WARN_UNUSED_FUNCTION = YES;
				GCC_WARN_UNUSED_VARIABLE = YES;
				IPHONEOS_DEPLOYMENT_TARGET = 10.3;
				MTL_ENABLE_DEBUG_INFO = NO;
				SDKROOT = iphoneos;
				SWIFT_OPTIMIZATION_LEVEL = "-Owholemodule";
				SWIFT_SWIFT3_OBJC_INFERENCE = Default;
				TARGETED_DEVICE_FAMILY = "1,2";
				VALIDATE_PRODUCT = YES;
			};
			name = Release;
		};
		76EAA87F1E93F2CC009A41DA /* Debug */ = {
			isa = XCBuildConfiguration;
			buildSettings = {
				ASSETCATALOG_COMPILER_APPICON_NAME = AppIcon;
				DEVELOPMENT_TEAM = 62PP362QNQ;
				INFOPLIST_FILE = OpenSourceControllerDemo/Info.plist;
				LD_RUNPATH_SEARCH_PATHS = "$(inherited) @executable_path/Frameworks";
				PRODUCT_BUNDLE_IDENTIFIER = com.fg.OpenSourceControllerDemo;
				PRODUCT_NAME = "$(TARGET_NAME)";
				SWIFT_VERSION = 4.2;
			};
			name = Debug;
		};
		76EAA8801E93F2CC009A41DA /* Release */ = {
			isa = XCBuildConfiguration;
			buildSettings = {
				ASSETCATALOG_COMPILER_APPICON_NAME = AppIcon;
				DEVELOPMENT_TEAM = 62PP362QNQ;
				INFOPLIST_FILE = OpenSourceControllerDemo/Info.plist;
				LD_RUNPATH_SEARCH_PATHS = "$(inherited) @executable_path/Frameworks";
				PRODUCT_BUNDLE_IDENTIFIER = com.fg.OpenSourceControllerDemo;
				PRODUCT_NAME = "$(TARGET_NAME)";
				SWIFT_VERSION = 4.2;
			};
			name = Release;
		};
/* End XCBuildConfiguration section */

/* Begin XCConfigurationList section */
		76EAA85C1E93F2CC009A41DA /* Build configuration list for PBXProject "OpenSourceControllerDemo" */ = {
			isa = XCConfigurationList;
			buildConfigurations = (
				76EAA87C1E93F2CC009A41DA /* Debug */,
				76EAA87D1E93F2CC009A41DA /* Release */,
			);
			defaultConfigurationIsVisible = 0;
			defaultConfigurationName = Release;
		};
		76EAA87E1E93F2CC009A41DA /* Build configuration list for PBXNativeTarget "OpenSourceControllerDemo" */ = {
			isa = XCConfigurationList;
			buildConfigurations = (
				76EAA87F1E93F2CC009A41DA /* Debug */,
				76EAA8801E93F2CC009A41DA /* Release */,
			);
			defaultConfigurationIsVisible = 0;
			defaultConfigurationName = Release;
		};
/* End XCConfigurationList section */
	};
	rootObject = 76EAA8591E93F2CC009A41DA /* Project object */;
}
