// !$*UTF8*$!
{
	archiveVersion = 1;
	classes = {
	};
	objectVersion = 46;
	objects = {

/* Begin PBXBuildFile section */
		7608FF731E6485A700656BA2 /* OpenSourceController.h in Headers */ = {isa = PBXBuildFile; fileRef = 7608FF711E6485A700656BA2 /* OpenSourceController.h */; settings = {ATTRIBUTES = (Public, ); }; };
		7608FF7E1E6485D000656BA2 /* LicenceDownloader.swift in Sources */ = {isa = PBXBuildFile; fileRef = 7608FF7C1E6485D000656BA2 /* LicenceDownloader.swift */; };
		7608FF7F1E6485D000656BA2 /* LicenceFile.swift in Sources */ = {isa = PBXBuildFile; fileRef = 7608FF7D1E6485D000656BA2 /* LicenceFile.swift */; };
		7608FF811E6485D600656BA2 /* OpenSourceTableViewCell.swift in Sources */ = {isa = PBXBuildFile; fileRef = 7608FF801E6485D600656BA2 /* OpenSourceTableViewCell.swift */; };
		7608FF841E6485DE00656BA2 /* OpenSourceController.swift in Sources */ = {isa = PBXBuildFile; fileRef = 7608FF821E6485DE00656BA2 /* OpenSourceController.swift */; };
		7608FF851E6485DE00656BA2 /* OpenSourceViewController.swift in Sources */ = {isa = PBXBuildFile; fileRef = 7608FF831E6485DE00656BA2 /* OpenSourceViewController.swift */; };
/* End PBXBuildFile section */

/* Begin PBXFileReference section */
		7608FF6E1E6485A700656BA2 /* OpenSourceController.framework */ = {isa = PBXFileReference; explicitFileType = wrapper.framework; includeInIndex = 0; path = OpenSourceController.framework; sourceTree = BUILT_PRODUCTS_DIR; };
		7608FF711E6485A700656BA2 /* OpenSourceController.h */ = {isa = PBXFileReference; lastKnownFileType = sourcecode.c.h; path = OpenSourceController.h; sourceTree = "<group>"; };
		7608FF721E6485A700656BA2 /* Info.plist */ = {isa = PBXFileReference; lastKnownFileType = text.plist.xml; path = Info.plist; sourceTree = "<group>"; };
		7608FF7C1E6485D000656BA2 /* LicenceDownloader.swift */ = {isa = PBXFileReference; fileEncoding = 4; lastKnownFileType = sourcecode.swift; name = LicenceDownloader.swift; path = Source/Model/LicenceDownloader.swift; sourceTree = SOURCE_ROOT; };
		7608FF7D1E6485D000656BA2 /* LicenceFile.swift */ = {isa = PBXFileReference; fileEncoding = 4; lastKnownFileType = sourcecode.swift; name = LicenceFile.swift; path = Source/Model/LicenceFile.swift; sourceTree = SOURCE_ROOT; };
		7608FF801E6485D600656BA2 /* OpenSourceTableViewCell.swift */ = {isa = PBXFileReference; fileEncoding = 4; lastKnownFileType = sourcecode.swift; name = OpenSourceTableViewCell.swift; path = Source/View/OpenSourceTableViewCell.swift; sourceTree = SOURCE_ROOT; };
		7608FF821E6485DE00656BA2 /* OpenSourceController.swift */ = {isa = PBXFileReference; fileEncoding = 4; lastKnownFileType = sourcecode.swift; name = OpenSourceController.swift; path = Source/Controller/OpenSourceController.swift; sourceTree = SOURCE_ROOT; };
		7608FF831E6485DE00656BA2 /* OpenSourceViewController.swift */ = {isa = PBXFileReference; fileEncoding = 4; lastKnownFileType = sourcecode.swift; name = OpenSourceViewController.swift; path = Source/Controller/OpenSourceViewController.swift; sourceTree = SOURCE_ROOT; };
/* End PBXFileReference section */

/* Begin PBXFrameworksBuildPhase section */
		7608FF6A1E6485A700656BA2 /* Frameworks */ = {
			isa = PBXFrameworksBuildPhase;
			buildActionMask = 2147483647;
			files = (
			);
			runOnlyForDeploymentPostprocessing = 0;
		};
/* End PBXFrameworksBuildPhase section */

/* Begin PBXGroup section */
		7608FF641E6485A700656BA2 = {
			isa = PBXGroup;
			children = (
				7608FF701E6485A700656BA2 /* OpenSourceController */,
				7608FF6F1E6485A700656BA2 /* Products */,
			);
			sourceTree = "<group>";
		};
		7608FF6F1E6485A700656BA2 /* Products */ = {
			isa = PBXGroup;
			children = (
				7608FF6E1E6485A700656BA2 /* OpenSourceController.framework */,
			);
			name = Products;
			sourceTree = "<group>";
		};
		7608FF701E6485A700656BA2 /* OpenSourceController */ = {
			isa = PBXGroup;
			children = (
				7608FF7B1E6485C400656BA2 /* Controller */,
				7608FF7A1E6485BE00656BA2 /* View */,
				7608FF791E6485BA00656BA2 /* Model */,
				7608FF711E6485A700656BA2 /* OpenSourceController.h */,
				7608FF721E6485A700656BA2 /* Info.plist */,
			);
			path = OpenSourceController;
			sourceTree = "<group>";
		};
		7608FF791E6485BA00656BA2 /* Model */ = {
			isa = PBXGroup;
			children = (
				7608FF7C1E6485D000656BA2 /* LicenceDownloader.swift */,
				7608FF7D1E6485D000656BA2 /* LicenceFile.swift */,
			);
			name = Model;
			sourceTree = "<group>";
		};
		7608FF7A1E6485BE00656BA2 /* View */ = {
			isa = PBXGroup;
			children = (
				7608FF801E6485D600656BA2 /* OpenSourceTableViewCell.swift */,
			);
			name = View;
			sourceTree = "<group>";
		};
		7608FF7B1E6485C400656BA2 /* Controller */ = {
			isa = PBXGroup;
			children = (
				7608FF821E6485DE00656BA2 /* OpenSourceController.swift */,
				7608FF831E6485DE00656BA2 /* OpenSourceViewController.swift */,
			);
			name = Controller;
			sourceTree = "<group>";
		};
/* End PBXGroup section */

/* Begin PBXHeadersBuildPhase section */
		7608FF6B1E6485A700656BA2 /* Headers */ = {
			isa = PBXHeadersBuildPhase;
			buildActionMask = 2147483647;
			files = (
				7608FF731E6485A700656BA2 /* OpenSourceController.h in Headers */,
			);
			runOnlyForDeploymentPostprocessing = 0;
		};
/* End PBXHeadersBuildPhase section */

/* Begin PBXNativeTarget section */
		7608FF6D1E6485A700656BA2 /* OpenSourceController */ = {
			isa = PBXNativeTarget;
			buildConfigurationList = 7608FF761E6485A700656BA2 /* Build configuration list for PBXNativeTarget "OpenSourceController" */;
			buildPhases = (
				7608FF691E6485A700656BA2 /* Sources */,
				7608FF6A1E6485A700656BA2 /* Frameworks */,
				7608FF6B1E6485A700656BA2 /* Headers */,
				7608FF6C1E6485A700656BA2 /* Resources */,
			);
			buildRules = (
			);
			dependencies = (
			);
			name = OpenSourceController;
			productName = OpenSourceController;
			productReference = 7608FF6E1E6485A700656BA2 /* OpenSourceController.framework */;
			productType = "com.apple.product-type.framework";
		};
/* End PBXNativeTarget section */

/* Begin PBXProject section */
		7608FF651E6485A700656BA2 /* Project object */ = {
			isa = PBXProject;
			attributes = {
				LastUpgradeCheck = 0820;
				ORGANIZATIONNAME = "Florian Gabach";
				TargetAttributes = {
					7608FF6D1E6485A700656BA2 = {
						CreatedOnToolsVersion = 8.2.1;
						DevelopmentTeam = 62PP362QNQ;
						LastSwiftMigration = 0820;
						ProvisioningStyle = Automatic;
					};
				};
			};
			buildConfigurationList = 7608FF681E6485A700656BA2 /* Build configuration list for PBXProject "OpenSourceController" */;
			compatibilityVersion = "Xcode 3.2";
			developmentRegion = English;
			hasScannedForEncodings = 0;
			knownRegions = (
				en,
			);
			mainGroup = 7608FF641E6485A700656BA2;
			productRefGroup = 7608FF6F1E6485A700656BA2 /* Products */;
			projectDirPath = "";
			projectRoot = "";
			targets = (
				7608FF6D1E6485A700656BA2 /* OpenSourceController */,
			);
		};
/* End PBXProject section */

/* Begin PBXResourcesBuildPhase section */
		7608FF6C1E6485A700656BA2 /* Resources */ = {
			isa = PBXResourcesBuildPhase;
			buildActionMask = 2147483647;
			files = (
			);
			runOnlyForDeploymentPostprocessing = 0;
		};
/* End PBXResourcesBuildPhase section */

/* Begin PBXSourcesBuildPhase section */
		7608FF691E6485A700656BA2 /* Sources */ = {
			isa = PBXSourcesBuildPhase;
			buildActionMask = 2147483647;
			files = (
				7608FF851E6485DE00656BA2 /* OpenSourceViewController.swift in Sources */,
				7608FF841E6485DE00656BA2 /* OpenSourceController.swift in Sources */,
				7608FF811E6485D600656BA2 /* OpenSourceTableViewCell.swift in Sources */,
				7608FF7E1E6485D000656BA2 /* LicenceDownloader.swift in Sources */,
				7608FF7F1E6485D000656BA2 /* LicenceFile.swift in Sources */,
			);
			runOnlyForDeploymentPostprocessing = 0;
		};
/* End PBXSourcesBuildPhase section */

/* Begin XCBuildConfiguration section */
		7608FF741E6485A700656BA2 /* Debug */ = {
			isa = XCBuildConfiguration;
			buildSettings = {
				ALWAYS_SEARCH_USER_PATHS = NO;
				CLANG_ANALYZER_NONNULL = YES;
				CLANG_CXX_LANGUAGE_STANDARD = "gnu++0x";
				CLANG_CXX_LIBRARY = "libc++";
				CLANG_ENABLE_MODULES = YES;
				CLANG_ENABLE_OBJC_ARC = YES;
				CLANG_WARN_BOOL_CONVERSION = YES;
				CLANG_WARN_CONSTANT_CONVERSION = YES;
				CLANG_WARN_DIRECT_OBJC_ISA_USAGE = YES_ERROR;
				CLANG_WARN_DOCUMENTATION_COMMENTS = YES;
				CLANG_WARN_EMPTY_BODY = YES;
				CLANG_WARN_ENUM_CONVERSION = YES;
				CLANG_WARN_INFINITE_RECURSION = YES;
				CLANG_WARN_INT_CONVERSION = YES;
				CLANG_WARN_OBJC_ROOT_CLASS = YES_ERROR;
				CLANG_WARN_SUSPICIOUS_MOVE = YES;
				CLANG_WARN_UNREACHABLE_CODE = YES;
				CLANG_WARN__DUPLICATE_METHOD_MATCH = YES;
				"CODE_SIGN_IDENTITY[sdk=iphoneos*]" = "iPhone Developer";
				COPY_PHASE_STRIP = NO;
				CURRENT_PROJECT_VERSION = 1;
				DEBUG_INFORMATION_FORMAT = dwarf;
				ENABLE_STRICT_OBJC_MSGSEND = YES;
				ENABLE_TESTABILITY = YES;
				GCC_C_LANGUAGE_STANDARD = gnu99;
				GCC_DYNAMIC_NO_PIC = NO;
				GCC_NO_COMMON_BLOCKS = YES;
				GCC_OPTIMIZATION_LEVEL = 0;
				GCC_PREPROCESSOR_DEFINITIONS = (
					"DEBUG=1",
					"$(inherited)",
				);
				GCC_WARN_64_TO_32_BIT_CONVERSION = YES;
				GCC_WARN_ABOUT_RETURN_TYPE = YES_ERROR;
				GCC_WARN_UNDECLARED_SELECTOR = YES;
				GCC_WARN_UNINITIALIZED_AUTOS = YES_AGGRESSIVE;
				GCC_WARN_UNUSED_FUNCTION = YES;
				GCC_WARN_UNUSED_VARIABLE = YES;
				IPHONEOS_DEPLOYMENT_TARGET = 10.2;
				MTL_ENABLE_DEBUG_INFO = YES;
				ONLY_ACTIVE_ARCH = YES;
				SDKROOT = iphoneos;
				SWIFT_ACTIVE_COMPILATION_CONDITIONS = DEBUG;
				SWIFT_OPTIMIZATION_LEVEL = "-Onone";
				TARGETED_DEVICE_FAMILY = "1,2";
				VERSIONING_SYSTEM = "apple-generic";
				VERSION_INFO_PREFIX = "";
			};
			name = Debug;
		};
		7608FF751E6485A700656BA2 /* Release */ = {
			isa = XCBuildConfiguration;
			buildSettings = {
				ALWAYS_SEARCH_USER_PATHS = NO;
				CLANG_ANALYZER_NONNULL = YES;
				CLANG_CXX_LANGUAGE_STANDARD = "gnu++0x";
				CLANG_CXX_LIBRARY = "libc++";
				CLANG_ENABLE_MODULES = YES;
				CLANG_ENABLE_OBJC_ARC = YES;
				CLANG_WARN_BOOL_CONVERSION = YES;
				CLANG_WARN_CONSTANT_CONVERSION = YES;
				CLANG_WARN_DIRECT_OBJC_ISA_USAGE = YES_ERROR;
				CLANG_WARN_DOCUMENTATION_COMMENTS = YES;
				CLANG_WARN_EMPTY_BODY = YES;
				CLANG_WARN_ENUM_CONVERSION = YES;
				CLANG_WARN_INFINITE_RECURSION = YES;
				CLANG_WARN_INT_CONVERSION = YES;
				CLANG_WARN_OBJC_ROOT_CLASS = YES_ERROR;
				CLANG_WARN_SUSPICIOUS_MOVE = YES;
				CLANG_WARN_UNREACHABLE_CODE = YES;
				CLANG_WARN__DUPLICATE_METHOD_MATCH = YES;
				"CODE_SIGN_IDENTITY[sdk=iphoneos*]" = "iPhone Developer";
				COPY_PHASE_STRIP = NO;
				CURRENT_PROJECT_VERSION = 1;
				DEBUG_INFORMATION_FORMAT = "dwarf-with-dsym";
				ENABLE_NS_ASSERTIONS = NO;
				ENABLE_STRICT_OBJC_MSGSEND = YES;
				GCC_C_LANGUAGE_STANDARD = gnu99;
				GCC_NO_COMMON_BLOCKS = YES;
				GCC_WARN_64_TO_32_BIT_CONVERSION = YES;
				GCC_WARN_ABOUT_RETURN_TYPE = YES_ERROR;
				GCC_WARN_UNDECLARED_SELECTOR = YES;
				GCC_WARN_UNINITIALIZED_AUTOS = YES_AGGRESSIVE;
				GCC_WARN_UNUSED_FUNCTION = YES;
				GCC_WARN_UNUSED_VARIABLE = YES;
				IPHONEOS_DEPLOYMENT_TARGET = 10.2;
				MTL_ENABLE_DEBUG_INFO = NO;
				SDKROOT = iphoneos;
				SWIFT_OPTIMIZATION_LEVEL = "-Owholemodule";
				TARGETED_DEVICE_FAMILY = "1,2";
				VALIDATE_PRODUCT = YES;
				VERSIONING_SYSTEM = "apple-generic";
				VERSION_INFO_PREFIX = "";
			};
			name = Release;
		};
		7608FF771E6485A700656BA2 /* Debug */ = {
			isa = XCBuildConfiguration;
			buildSettings = {
				CLANG_ENABLE_MODULES = YES;
				CODE_SIGN_IDENTITY = "";
				DEFINES_MODULE = YES;
				DEVELOPMENT_TEAM = 62PP362QNQ;
				DYLIB_COMPATIBILITY_VERSION = 1;
				DYLIB_CURRENT_VERSION = 1;
				DYLIB_INSTALL_NAME_BASE = "@rpath";
				INFOPLIST_FILE = OpenSourceController/Info.plist;
				INSTALL_PATH = "$(LOCAL_LIBRARY_DIR)/Frameworks";
				LD_RUNPATH_SEARCH_PATHS = "$(inherited) @executable_path/Frameworks @loader_path/Frameworks";
				PRODUCT_BUNDLE_IDENTIFIER = com.fg.OpenSourceController;
				PRODUCT_NAME = "$(TARGET_NAME)";
				SKIP_INSTALL = YES;
				SWIFT_OPTIMIZATION_LEVEL = "-Onone";
				SWIFT_VERSION = 3.0;
			};
			name = Debug;
		};
		7608FF781E6485A700656BA2 /* Release */ = {
			isa = XCBuildConfiguration;
			buildSettings = {
				CLANG_ENABLE_MODULES = YES;
				CODE_SIGN_IDENTITY = "";
				DEFINES_MODULE = YES;
				DEVELOPMENT_TEAM = 62PP362QNQ;
				DYLIB_COMPATIBILITY_VERSION = 1;
				DYLIB_CURRENT_VERSION = 1;
				DYLIB_INSTALL_NAME_BASE = "@rpath";
				INFOPLIST_FILE = OpenSourceController/Info.plist;
				INSTALL_PATH = "$(LOCAL_LIBRARY_DIR)/Frameworks";
				LD_RUNPATH_SEARCH_PATHS = "$(inherited) @executable_path/Frameworks @loader_path/Frameworks";
				PRODUCT_BUNDLE_IDENTIFIER = com.fg.OpenSourceController;
				PRODUCT_NAME = "$(TARGET_NAME)";
				SKIP_INSTALL = YES;
				SWIFT_VERSION = 3.0;
			};
			name = Release;
		};
/* End XCBuildConfiguration section */

/* Begin XCConfigurationList section */
		7608FF681E6485A700656BA2 /* Build configuration list for PBXProject "OpenSourceController" */ = {
			isa = XCConfigurationList;
			buildConfigurations = (
				7608FF741E6485A700656BA2 /* Debug */,
				7608FF751E6485A700656BA2 /* Release */,
			);
			defaultConfigurationIsVisible = 0;
			defaultConfigurationName = Release;
		};
		7608FF761E6485A700656BA2 /* Build configuration list for PBXNativeTarget "OpenSourceController" */ = {
			isa = XCConfigurationList;
			buildConfigurations = (
				7608FF771E6485A700656BA2 /* Debug */,
				7608FF781E6485A700656BA2 /* Release */,
			);
			defaultConfigurationIsVisible = 0;
		};
/* End XCConfigurationList section */
	};
	rootObject = 7608FF651E6485A700656BA2 /* Project object */;
}
